
Microsoft Visual Studio Solution File, Format Version 12.00
# Visual Studio Version 16
VisualStudioVersion = 16.0.30413.136
MinimumVisualStudioVersion = 10.0.40219.1
Project("{FAE04EC0-301F-11D3-BF4B-00C04F79EFBC}") = "Week7Functions", "Week7Functions\Week7Functions.csproj", "{ABD4157F-89EF-4662-BB7E-572C7BA26CE0}"
EndProject
Project("{FAE04EC0-301F-11D3-BF4B-00C04F79EFBC}") = "gender", "gender\gender.csproj", "{64FC440C-4CE2-4074-B76E-52111DBF2C49}"
EndProject
Project("{FAE04EC0-301F-11D3-BF4B-00C04F79EFBC}") = "FunctionsReturn", "FunctionsReturn\FunctionsReturn.csproj", "{3CD1C24F-24D4-4989-8417-F75DD4BDE8DC}"
EndProject
Global
	GlobalSection(SolutionConfigurationPlatforms) = preSolution
		Debug|Any CPU = Debug|Any CPU
		Release|Any CPU = Release|Any CPU
	EndGlobalSection
	GlobalSection(ProjectConfigurationPlatforms) = postSolution
		{ABD4157F-89EF-4662-BB7E-572C7BA26CE0}.Debug|Any CPU.ActiveCfg = Debug|Any CPU
		{ABD4157F-89EF-4662-BB7E-572C7BA26CE0}.Debug|Any CPU.Build.0 = Debug|Any CPU
		{ABD4157F-89EF-4662-BB7E-572C7BA26CE0}.Release|Any CPU.ActiveCfg = Release|Any CPU
		{ABD4157F-89EF-4662-BB7E-572C7BA26CE0}.Release|Any CPU.Build.0 = Release|Any CPU
		{64FC440C-4CE2-4074-B76E-52111DBF2C49}.Debug|Any CPU.ActiveCfg = Debug|Any CPU
		{64FC440C-4CE2-4074-B76E-52111DBF2C49}.Debug|Any CPU.Build.0 = Debug|Any CPU
		{64FC440C-4CE2-4074-B76E-52111DBF2C49}.Release|Any CPU.ActiveCfg = Release|Any CPU
		{64FC440C-4CE2-4074-B76E-52111DBF2C49}.Release|Any CPU.Build.0 = Release|Any CPU
		{3CD1C24F-24D4-4989-8417-F75DD4BDE8DC}.Debug|Any CPU.ActiveCfg = Debug|Any CPU
		{3CD1C24F-24D4-4989-8417-F75DD4BDE8DC}.Debug|Any CPU.Build.0 = Debug|Any CPU
		{3CD1C24F-24D4-4989-8417-F75DD4BDE8DC}.Release|Any CPU.ActiveCfg = Release|Any CPU
		{3CD1C24F-24D4-4989-8417-F75DD4BDE8DC}.Release|Any CPU.Build.0 = Release|Any CPU
	EndGlobalSection
	GlobalSection(SolutionProperties) = preSolution
		HideSolutionNode = FALSE
	EndGlobalSection
	GlobalSection(ExtensibilityGlobals) = postSolution
		SolutionGuid = {D5EF744E-23AD-469A-9DA4-30DA9B532B55}
	EndGlobalSection
EndGlobal
